
Microsoft Visual Studio Solution File, Format Version 12.00
# Visual Studio Version 16
VisualStudioVersion = 16.0.29411.108
MinimumVisualStudioVersion = 10.0.40219.1
Project("{8BC9CEB8-8B4A-11D0-8D11-00A0C91BC942}") = "Lieferanten_Management", "Lieferanten_Management.vcxproj", "{9817239D-7293-401E-81E4-23CA7F1139F8}"
EndProject
Global
	GlobalSection(SolutionConfigurationPlatforms) = preSolution
		Debug|x64 = Debug|x64
		Debug|x86 = Debug|x86
		Release|x64 = Release|x64
		Release|x86 = Release|x86
	EndGlobalSection
	GlobalSection(ProjectConfigurationPlatforms) = postSolution
		{9817239D-7293-401E-81E4-23CA7F1139F8}.Debug|x64.ActiveCfg = Debug|x64
		{9817239D-7293-401E-81E4-23CA7F1139F8}.Debug|x64.Build.0 = Debug|x64
		{9817239D-7293-401E-81E4-23CA7F1139F8}.Debug|x86.ActiveCfg = Debug|Win32
		{9817239D-7293-401E-81E4-23CA7F1139F8}.Debug|x86.Build.0 = Debug|Win32
		{9817239D-7293-401E-81E4-23CA7F1139F8}.Release|x64.ActiveCfg = Release|x64
		{9817239D-7293-401E-81E4-23CA7F1139F8}.Release|x64.Build.0 = Release|x64
		{9817239D-7293-401E-81E4-23CA7F1139F8}.Release|x86.ActiveCfg = Release|Win32
		{9817239D-7293-401E-81E4-23CA7F1139F8}.Release|x86.Build.0 = Release|Win32
	EndGlobalSection
	GlobalSection(SolutionProperties) = preSolution
		HideSolutionNode = FALSE
	EndGlobalSection
	GlobalSection(ExtensibilityGlobals) = postSolution
		SolutionGuid = {94723CE2-54F4-44CF-9D0A-E508BAB991D5}
	EndGlobalSection
EndGlobal
